
Microsoft Visual Studio Solution File, Format Version 12.00
Project("{2150E333-8FDC-42A3-9474-1A3956D46DE8}") = "src", "src", "{74F5AD01-2789-4C68-94CB-85F24CC96855}"
EndProject
Project("{2150E333-8FDC-42A3-9474-1A3956D46DE8}") = "1 - Application", "1 - Application", "{F520D074-2791-4AEB-AD2A-E5AC8B35D187}"
EndProject
Project("{2150E333-8FDC-42A3-9474-1A3956D46DE8}") = "2 - Domain", "2 - Domain", "{CEBAF9B8-9DC9-471B-806E-1488D160F6A2}"
EndProject
Project("{2150E333-8FDC-42A3-9474-1A3956D46DE8}") = "3 - Service", "3 - Service", "{11DCA666-186B-47BA-86F5-7C8230C226B1}"
EndProject
Project("{2150E333-8FDC-42A3-9474-1A3956D46DE8}") = "4 - Infrastructure", "4 - Infrastructure", "{A796B41E-E256-4809-9CE3-78D092FC7DEF}"
EndProject
Project("{2150E333-8FDC-42A3-9474-1A3956D46DE8}") = "4.1 - Data", "4.1 - Data", "{47961CA6-D91D-4CA4-BB40-781D85C631EC}"
EndProject
Project("{FAE04EC0-301F-11D3-BF4B-00C04F79EFBC}") = "CovidDailyCases.API", "src\1 - Application\CovidDailyCases.API\CovidDailyCases.API.csproj", "{29760913-6121-4BE2-AA28-DDF7A3483392}"
EndProject
Project("{FAE04EC0-301F-11D3-BF4B-00C04F79EFBC}") = "CovidDailyCases.Domain", "src\2 - Domain\CovidDailyCases.Domain\CovidDailyCases.Domain.csproj", "{DF263769-8A1A-421F-9699-CF31478902B7}"
EndProject
Project("{FAE04EC0-301F-11D3-BF4B-00C04F79EFBC}") = "CovidDailyCases.Infrastructure", "src\4 - Infrastructure\4.1 - Data\CovidDailyCases.Infrastructure\CovidDailyCases.Infrastructure.csproj", "{4F33D7A6-5C9A-4603-BCB4-AEA24F1059CA}"
EndProject
Project("{2150E333-8FDC-42A3-9474-1A3956D46DE8}") = "tests", "tests", "{F7B58934-1E5E-4AA8-ACD6-FA47F12A958A}"
EndProject
Project("{FAE04EC0-301F-11D3-BF4B-00C04F79EFBC}") = "CovidDailyCases.Controllers.Tests", "tests\CovidDailyCases.Controllers.Tests\CovidDailyCases.Controllers.Tests.csproj", "{2D12A674-BBB1-40FF-AAAE-A9A77F32C08A}"
EndProject
Project("{FAE04EC0-301F-11D3-BF4B-00C04F79EFBC}") = "CovidDailyCases.Dummies", "tests\CovidDailyCases.Dummies\CovidDailyCases.Dummies.csproj", "{3203C8D1-C81D-48FE-8696-031C9B7696E8}"
EndProject
Project("{FAE04EC0-301F-11D3-BF4B-00C04F79EFBC}") = "CovidDailyCases.Repositories.Tests", "tests\CovidDailyCases.Repositories.Tests\CovidDailyCases.Repositories.Tests.csproj", "{8773E425-C142-4985-86A8-6365EF4050A8}"
EndProject
Project("{FAE04EC0-301F-11D3-BF4B-00C04F79EFBC}") = "CovidDailyCases.Services.Tests", "tests\CovidDailyCases.Services.Tests\CovidDailyCases.Services.Tests.csproj", "{4DEE20CF-1977-4D02-B78B-24098B8DD973}"
EndProject
Global
	GlobalSection(SolutionConfigurationPlatforms) = preSolution
		Debug|Any CPU = Debug|Any CPU
		Release|Any CPU = Release|Any CPU
	EndGlobalSection
	GlobalSection(NestedProjects) = preSolution
		{F520D074-2791-4AEB-AD2A-E5AC8B35D187} = {74F5AD01-2789-4C68-94CB-85F24CC96855}
		{CEBAF9B8-9DC9-471B-806E-1488D160F6A2} = {74F5AD01-2789-4C68-94CB-85F24CC96855}
		{11DCA666-186B-47BA-86F5-7C8230C226B1} = {74F5AD01-2789-4C68-94CB-85F24CC96855}
		{A796B41E-E256-4809-9CE3-78D092FC7DEF} = {74F5AD01-2789-4C68-94CB-85F24CC96855}
		{47961CA6-D91D-4CA4-BB40-781D85C631EC} = {A796B41E-E256-4809-9CE3-78D092FC7DEF}
		{29760913-6121-4BE2-AA28-DDF7A3483392} = {F520D074-2791-4AEB-AD2A-E5AC8B35D187}
		{DF263769-8A1A-421F-9699-CF31478902B7} = {CEBAF9B8-9DC9-471B-806E-1488D160F6A2}
		{4F33D7A6-5C9A-4603-BCB4-AEA24F1059CA} = {47961CA6-D91D-4CA4-BB40-781D85C631EC}
		{2D12A674-BBB1-40FF-AAAE-A9A77F32C08A} = {F7B58934-1E5E-4AA8-ACD6-FA47F12A958A}
		{3203C8D1-C81D-48FE-8696-031C9B7696E8} = {F7B58934-1E5E-4AA8-ACD6-FA47F12A958A}
		{8773E425-C142-4985-86A8-6365EF4050A8} = {F7B58934-1E5E-4AA8-ACD6-FA47F12A958A}
		{4DEE20CF-1977-4D02-B78B-24098B8DD973} = {F7B58934-1E5E-4AA8-ACD6-FA47F12A958A}
	EndGlobalSection
	GlobalSection(ProjectConfigurationPlatforms) = postSolution
		{29760913-6121-4BE2-AA28-DDF7A3483392}.Debug|Any CPU.ActiveCfg = Debug|Any CPU
		{29760913-6121-4BE2-AA28-DDF7A3483392}.Debug|Any CPU.Build.0 = Debug|Any CPU
		{29760913-6121-4BE2-AA28-DDF7A3483392}.Release|Any CPU.ActiveCfg = Release|Any CPU
		{29760913-6121-4BE2-AA28-DDF7A3483392}.Release|Any CPU.Build.0 = Release|Any CPU
		{DF263769-8A1A-421F-9699-CF31478902B7}.Debug|Any CPU.ActiveCfg = Debug|Any CPU
		{DF263769-8A1A-421F-9699-CF31478902B7}.Debug|Any CPU.Build.0 = Debug|Any CPU
		{DF263769-8A1A-421F-9699-CF31478902B7}.Release|Any CPU.ActiveCfg = Release|Any CPU
		{DF263769-8A1A-421F-9699-CF31478902B7}.Release|Any CPU.Build.0 = Release|Any CPU
		{4F33D7A6-5C9A-4603-BCB4-AEA24F1059CA}.Debug|Any CPU.ActiveCfg = Debug|Any CPU
		{4F33D7A6-5C9A-4603-BCB4-AEA24F1059CA}.Debug|Any CPU.Build.0 = Debug|Any CPU
		{4F33D7A6-5C9A-4603-BCB4-AEA24F1059CA}.Release|Any CPU.ActiveCfg = Release|Any CPU
		{4F33D7A6-5C9A-4603-BCB4-AEA24F1059CA}.Release|Any CPU.Build.0 = Release|Any CPU
		{2D12A674-BBB1-40FF-AAAE-A9A77F32C08A}.Debug|Any CPU.ActiveCfg = Debug|Any CPU
		{2D12A674-BBB1-40FF-AAAE-A9A77F32C08A}.Debug|Any CPU.Build.0 = Debug|Any CPU
		{2D12A674-BBB1-40FF-AAAE-A9A77F32C08A}.Release|Any CPU.ActiveCfg = Release|Any CPU
		{2D12A674-BBB1-40FF-AAAE-A9A77F32C08A}.Release|Any CPU.Build.0 = Release|Any CPU
		{3203C8D1-C81D-48FE-8696-031C9B7696E8}.Debug|Any CPU.ActiveCfg = Debug|Any CPU
		{3203C8D1-C81D-48FE-8696-031C9B7696E8}.Debug|Any CPU.Build.0 = Debug|Any CPU
		{3203C8D1-C81D-48FE-8696-031C9B7696E8}.Release|Any CPU.ActiveCfg = Release|Any CPU
		{3203C8D1-C81D-48FE-8696-031C9B7696E8}.Release|Any CPU.Build.0 = Release|Any CPU
		{8773E425-C142-4985-86A8-6365EF4050A8}.Debug|Any CPU.ActiveCfg = Debug|Any CPU
		{8773E425-C142-4985-86A8-6365EF4050A8}.Debug|Any CPU.Build.0 = Debug|Any CPU
		{8773E425-C142-4985-86A8-6365EF4050A8}.Release|Any CPU.ActiveCfg = Release|Any CPU
		{8773E425-C142-4985-86A8-6365EF4050A8}.Release|Any CPU.Build.0 = Release|Any CPU
		{4DEE20CF-1977-4D02-B78B-24098B8DD973}.Debug|Any CPU.ActiveCfg = Debug|Any CPU
		{4DEE20CF-1977-4D02-B78B-24098B8DD973}.Debug|Any CPU.Build.0 = Debug|Any CPU
		{4DEE20CF-1977-4D02-B78B-24098B8DD973}.Release|Any CPU.ActiveCfg = Release|Any CPU
		{4DEE20CF-1977-4D02-B78B-24098B8DD973}.Release|Any CPU.Build.0 = Release|Any CPU
	EndGlobalSection
EndGlobal
